
Microsoft Visual Studio Solution File, Format Version 12.00
# Visual Studio 15
VisualStudioVersion = 15.0.28307.168
MinimumVisualStudioVersion = 10.0.40219.1
Project("{FAE04EC0-301F-11D3-BF4B-00C04F79EFBC}") = "Ajf.NsPlanner3.App", "Ajf.NsPlanner3.App\Ajf.NsPlanner3.App.csproj", "{3183BD14-334D-423D-9157-FC1ACE8751D3}"
EndProject
Project("{FAE04EC0-301F-11D3-BF4B-00C04F79EFBC}") = "Ajf.NsPlanner3.Setup", "Ajf.NsPlanner3.Setup\Ajf.NsPlanner3.Setup.csproj", "{F08FC0EC-BE8A-4CC6-A9D3-874E545940CE}"
EndProject
Project("{FAE04EC0-301F-11D3-BF4B-00C04F79EFBC}") = "Ajf.NsPlanner3.Tests", "Ajf.NsPlanner3.Tests\Ajf.NsPlanner3.Tests.csproj", "{CF399D9E-C618-46E5-A890-26E6AA3A35B6}"
EndProject
Global
	GlobalSection(SolutionConfigurationPlatforms) = preSolution
		Debug|Any CPU = Debug|Any CPU
		Release|Any CPU = Release|Any CPU
	EndGlobalSection
	GlobalSection(ProjectConfigurationPlatforms) = postSolution
		{3183BD14-334D-423D-9157-FC1ACE8751D3}.Debug|Any CPU.ActiveCfg = Debug|Any CPU
		{3183BD14-334D-423D-9157-FC1ACE8751D3}.Debug|Any CPU.Build.0 = Debug|Any CPU
		{3183BD14-334D-423D-9157-FC1ACE8751D3}.Release|Any CPU.ActiveCfg = Release|Any CPU
		{3183BD14-334D-423D-9157-FC1ACE8751D3}.Release|Any CPU.Build.0 = Release|Any CPU
		{F08FC0EC-BE8A-4CC6-A9D3-874E545940CE}.Debug|Any CPU.ActiveCfg = Debug|Any CPU
		{F08FC0EC-BE8A-4CC6-A9D3-874E545940CE}.Debug|Any CPU.Build.0 = Debug|Any CPU
		{F08FC0EC-BE8A-4CC6-A9D3-874E545940CE}.Release|Any CPU.ActiveCfg = Release|Any CPU
		{F08FC0EC-BE8A-4CC6-A9D3-874E545940CE}.Release|Any CPU.Build.0 = Release|Any CPU
		{CF399D9E-C618-46E5-A890-26E6AA3A35B6}.Debug|Any CPU.ActiveCfg = Debug|Any CPU
		{CF399D9E-C618-46E5-A890-26E6AA3A35B6}.Debug|Any CPU.Build.0 = Debug|Any CPU
		{CF399D9E-C618-46E5-A890-26E6AA3A35B6}.Release|Any CPU.ActiveCfg = Release|Any CPU
		{CF399D9E-C618-46E5-A890-26E6AA3A35B6}.Release|Any CPU.Build.0 = Release|Any CPU
	EndGlobalSection
	GlobalSection(SolutionProperties) = preSolution
		HideSolutionNode = FALSE
	EndGlobalSection
	GlobalSection(ExtensibilityGlobals) = postSolution
		SolutionGuid = {9DAA21CB-ADA7-4F0D-8644-78C3AFB2399A}
	EndGlobalSection
EndGlobal
